
Microsoft Visual Studio Solution File, Format Version 12.00
# Visual Studio Version 16
VisualStudioVersion = 16.0.30517.126
MinimumVisualStudioVersion = 10.0.40219.1
Project("{FAE04EC0-301F-11D3-BF4B-00C04F79EFBC}") = "Unidad_2_Paso_2", "Unidad_2_Paso_2.csproj", "{C8179073-7503-4CDB-B1BE-CC535055CE50}"
EndProject
Global
	GlobalSection(SolutionConfigurationPlatforms) = preSolution
		Debug|Any CPU = Debug|Any CPU
		Release|Any CPU = Release|Any CPU
	EndGlobalSection
	GlobalSection(ProjectConfigurationPlatforms) = postSolution
		{C8179073-7503-4CDB-B1BE-CC535055CE50}.Debug|Any CPU.ActiveCfg = Debug|Any CPU
		{C8179073-7503-4CDB-B1BE-CC535055CE50}.Debug|Any CPU.Build.0 = Debug|Any CPU
		{C8179073-7503-4CDB-B1BE-CC535055CE50}.Release|Any CPU.ActiveCfg = Release|Any CPU
		{C8179073-7503-4CDB-B1BE-CC535055CE50}.Release|Any CPU.Build.0 = Release|Any CPU
	EndGlobalSection
	GlobalSection(SolutionProperties) = preSolution
		HideSolutionNode = FALSE
	EndGlobalSection
	GlobalSection(ExtensibilityGlobals) = postSolution
		SolutionGuid = {45AE6303-67A9-4F45-A1B8-A619AEA2EC25}
	EndGlobalSection
EndGlobal
